
Microsoft Visual Studio Solution File, Format Version 12.00
# Visual Studio Version 16
VisualStudioVersion = 16.0.29411.108
MinimumVisualStudioVersion = 10.0.40219.1
Project("{FAE04EC0-301F-11D3-BF4B-00C04F79EFBC}") = "Chat.Server", "Chat.Server\Chat.Server.csproj", "{A0FF129D-6397-44C7-BE02-67866A4B1555}"
EndProject
Project("{FAE04EC0-301F-11D3-BF4B-00C04F79EFBC}") = "Chat.Client", "Chat.Client\Chat.Client.csproj", "{D6A0562E-1DA7-4FEB-93FD-D19C2A7D7EC6}"
EndProject
Global
	GlobalSection(SolutionConfigurationPlatforms) = preSolution
		Debug|Any CPU = Debug|Any CPU
		Release|Any CPU = Release|Any CPU
	EndGlobalSection
	GlobalSection(ProjectConfigurationPlatforms) = postSolution
		{A0FF129D-6397-44C7-BE02-67866A4B1555}.Debug|Any CPU.ActiveCfg = Debug|Any CPU
		{A0FF129D-6397-44C7-BE02-67866A4B1555}.Debug|Any CPU.Build.0 = Debug|Any CPU
		{A0FF129D-6397-44C7-BE02-67866A4B1555}.Release|Any CPU.ActiveCfg = Release|Any CPU
		{A0FF129D-6397-44C7-BE02-67866A4B1555}.Release|Any CPU.Build.0 = Release|Any CPU
		{D6A0562E-1DA7-4FEB-93FD-D19C2A7D7EC6}.Debug|Any CPU.ActiveCfg = Debug|Any CPU
		{D6A0562E-1DA7-4FEB-93FD-D19C2A7D7EC6}.Debug|Any CPU.Build.0 = Debug|Any CPU
		{D6A0562E-1DA7-4FEB-93FD-D19C2A7D7EC6}.Release|Any CPU.ActiveCfg = Release|Any CPU
		{D6A0562E-1DA7-4FEB-93FD-D19C2A7D7EC6}.Release|Any CPU.Build.0 = Release|Any CPU
	EndGlobalSection
	GlobalSection(SolutionProperties) = preSolution
		HideSolutionNode = FALSE
	EndGlobalSection
	GlobalSection(ExtensibilityGlobals) = postSolution
		SolutionGuid = {59AD1380-FE05-48C2-A9A8-4159A87EC909}
	EndGlobalSection
EndGlobal
